
Microsoft Visual Studio Solution File, Format Version 12.00
# Visual Studio Version 17
VisualStudioVersion = 17.9.34723.18
MinimumVisualStudioVersion = 10.0.40219.1
Project("{8BC9CEB8-8B4A-11D0-8D11-00A0C91BC942}") = "prakt10", "prakt10\prakt10.vcxproj", "{06F70960-0B22-4F36-86BF-EC00E4C4493A}"
EndProject
Project("{8BC9CEB8-8B4A-11D0-8D11-00A0C91BC942}") = "prakt10_new", "prakt10_new\prakt10_new.vcxproj", "{75296447-34D5-465E-BA30-3B7A6D3D33B7}"
EndProject
Global
	GlobalSection(SolutionConfigurationPlatforms) = preSolution
		Debug|x64 = Debug|x64
		Debug|x86 = Debug|x86
		Release|x64 = Release|x64
		Release|x86 = Release|x86
	EndGlobalSection
	GlobalSection(ProjectConfigurationPlatforms) = postSolution
		{06F70960-0B22-4F36-86BF-EC00E4C4493A}.Debug|x64.ActiveCfg = Debug|x64
		{06F70960-0B22-4F36-86BF-EC00E4C4493A}.Debug|x64.Build.0 = Debug|x64
		{06F70960-0B22-4F36-86BF-EC00E4C4493A}.Debug|x86.ActiveCfg = Debug|Win32
		{06F70960-0B22-4F36-86BF-EC00E4C4493A}.Debug|x86.Build.0 = Debug|Win32
		{06F70960-0B22-4F36-86BF-EC00E4C4493A}.Release|x64.ActiveCfg = Release|x64
		{06F70960-0B22-4F36-86BF-EC00E4C4493A}.Release|x64.Build.0 = Release|x64
		{06F70960-0B22-4F36-86BF-EC00E4C4493A}.Release|x86.ActiveCfg = Release|Win32
		{06F70960-0B22-4F36-86BF-EC00E4C4493A}.Release|x86.Build.0 = Release|Win32
		{75296447-34D5-465E-BA30-3B7A6D3D33B7}.Debug|x64.ActiveCfg = Debug|x64
		{75296447-34D5-465E-BA30-3B7A6D3D33B7}.Debug|x64.Build.0 = Debug|x64
		{75296447-34D5-465E-BA30-3B7A6D3D33B7}.Debug|x86.ActiveCfg = Debug|Win32
		{75296447-34D5-465E-BA30-3B7A6D3D33B7}.Debug|x86.Build.0 = Debug|Win32
		{75296447-34D5-465E-BA30-3B7A6D3D33B7}.Release|x64.ActiveCfg = Release|x64
		{75296447-34D5-465E-BA30-3B7A6D3D33B7}.Release|x64.Build.0 = Release|x64
		{75296447-34D5-465E-BA30-3B7A6D3D33B7}.Release|x86.ActiveCfg = Release|Win32
		{75296447-34D5-465E-BA30-3B7A6D3D33B7}.Release|x86.Build.0 = Release|Win32
	EndGlobalSection
	GlobalSection(SolutionProperties) = preSolution
		HideSolutionNode = FALSE
	EndGlobalSection
	GlobalSection(ExtensibilityGlobals) = postSolution
		SolutionGuid = {CAE03C61-A30B-4AC9-AFDD-A76C0DF45F0D}
	EndGlobalSection
EndGlobal
